
Microsoft Visual Studio Solution File, Format Version 12.00
# Visual Studio Version 17
VisualStudioVersion = 17.3.32825.248
MinimumVisualStudioVersion = 10.0.40219.1
Project("{9A19103F-16F7-4668-BE54-9A1E7A4F7556}") = "PortfolioApiTests", "PortfolioApiTests\PortfolioApiTests.csproj", "{C73E2833-E0A2-4824-837F-33B285B7C6D3}"
EndProject
Project("{FAE04EC0-301F-11D3-BF4B-00C04F79EFBC}") = "PortfolioApi", "PortfolioApi\PortfolioApi.csproj", "{E8B48AC1-51DC-4E4C-94BC-E632382A891B}"
EndProject
Global
	GlobalSection(SolutionConfigurationPlatforms) = preSolution
		Debug|Any CPU = Debug|Any CPU
		Release|Any CPU = Release|Any CPU
	EndGlobalSection
	GlobalSection(ProjectConfigurationPlatforms) = postSolution
		{C73E2833-E0A2-4824-837F-33B285B7C6D3}.Debug|Any CPU.ActiveCfg = Debug|Any CPU
		{C73E2833-E0A2-4824-837F-33B285B7C6D3}.Debug|Any CPU.Build.0 = Debug|Any CPU
		{C73E2833-E0A2-4824-837F-33B285B7C6D3}.Release|Any CPU.ActiveCfg = Release|Any CPU
		{C73E2833-E0A2-4824-837F-33B285B7C6D3}.Release|Any CPU.Build.0 = Release|Any CPU
		{E8B48AC1-51DC-4E4C-94BC-E632382A891B}.Debug|Any CPU.ActiveCfg = Debug|Any CPU
		{E8B48AC1-51DC-4E4C-94BC-E632382A891B}.Debug|Any CPU.Build.0 = Debug|Any CPU
		{E8B48AC1-51DC-4E4C-94BC-E632382A891B}.Release|Any CPU.ActiveCfg = Release|Any CPU
		{E8B48AC1-51DC-4E4C-94BC-E632382A891B}.Release|Any CPU.Build.0 = Release|Any CPU
	EndGlobalSection
	GlobalSection(SolutionProperties) = preSolution
		HideSolutionNode = FALSE
	EndGlobalSection
	GlobalSection(ExtensibilityGlobals) = postSolution
		SolutionGuid = {C280D665-6848-443D-A7C8-F54D8CB94BEE}
	EndGlobalSection
EndGlobal
